# This file is automatically @generated by Cargo.
# It is not intended for manual editing.
version = 3

[[package]]
name = "code-fuzzy-match"
version = "0.2.2"
source = "registry+https://github.com/rust-lang/crates.io-index"
checksum = "ac44797f65a7f21689e1b71746ae51461d60965fd20b273fbc223156a32fd3e7"

[[package]]
name = "duckdb_fuzzycomplete_rust"
version = "0.1.0"
dependencies = [
 "code-fuzzy-match",
]
